
Microsoft Visual Studio Solution File, Format Version 12.00
# Visual Studio 15
VisualStudioVersion = 15.0.26403.7
MinimumVisualStudioVersion = 10.0.40219.1
Project("{FAE04EC0-301F-11D3-BF4B-00C04F79EFBC}") = "UI", "UI\UI.csproj", "{C5BFC2F8-FCF6-457C-8FD4-040AFBFA542B}"
EndProject
Project("{FAE04EC0-301F-11D3-BF4B-00C04F79EFBC}") = "DAL", "DAL\DAL.csproj", "{93AD6C90-E132-4CFF-8152-00228EE3F8FA}"
EndProject
Project("{FAE04EC0-301F-11D3-BF4B-00C04F79EFBC}") = "BOL", "BOL\BOL.csproj", "{D7582CC7-7467-46B2-8715-3D31D1653930}"
EndProject
Project("{FAE04EC0-301F-11D3-BF4B-00C04F79EFBC}") = "WCF", "WCF\WCF.csproj", "{48F3B0B9-0809-4603-B17D-276644384719}"
EndProject
Global
	GlobalSection(SolutionConfigurationPlatforms) = preSolution
		Debug|Any CPU = Debug|Any CPU
		Release|Any CPU = Release|Any CPU
	EndGlobalSection
	GlobalSection(ProjectConfigurationPlatforms) = postSolution
		{C5BFC2F8-FCF6-457C-8FD4-040AFBFA542B}.Debug|Any CPU.ActiveCfg = Debug|Any CPU
		{C5BFC2F8-FCF6-457C-8FD4-040AFBFA542B}.Debug|Any CPU.Build.0 = Debug|Any CPU
		{C5BFC2F8-FCF6-457C-8FD4-040AFBFA542B}.Release|Any CPU.ActiveCfg = Release|Any CPU
		{C5BFC2F8-FCF6-457C-8FD4-040AFBFA542B}.Release|Any CPU.Build.0 = Release|Any CPU
		{93AD6C90-E132-4CFF-8152-00228EE3F8FA}.Debug|Any CPU.ActiveCfg = Debug|Any CPU
		{93AD6C90-E132-4CFF-8152-00228EE3F8FA}.Debug|Any CPU.Build.0 = Debug|Any CPU
		{93AD6C90-E132-4CFF-8152-00228EE3F8FA}.Release|Any CPU.ActiveCfg = Release|Any CPU
		{93AD6C90-E132-4CFF-8152-00228EE3F8FA}.Release|Any CPU.Build.0 = Release|Any CPU
		{D7582CC7-7467-46B2-8715-3D31D1653930}.Debug|Any CPU.ActiveCfg = Debug|Any CPU
		{D7582CC7-7467-46B2-8715-3D31D1653930}.Debug|Any CPU.Build.0 = Debug|Any CPU
		{D7582CC7-7467-46B2-8715-3D31D1653930}.Release|Any CPU.ActiveCfg = Release|Any CPU
		{D7582CC7-7467-46B2-8715-3D31D1653930}.Release|Any CPU.Build.0 = Release|Any CPU
		{48F3B0B9-0809-4603-B17D-276644384719}.Debug|Any CPU.ActiveCfg = Debug|Any CPU
		{48F3B0B9-0809-4603-B17D-276644384719}.Debug|Any CPU.Build.0 = Debug|Any CPU
		{48F3B0B9-0809-4603-B17D-276644384719}.Release|Any CPU.ActiveCfg = Release|Any CPU
		{48F3B0B9-0809-4603-B17D-276644384719}.Release|Any CPU.Build.0 = Release|Any CPU
	EndGlobalSection
	GlobalSection(SolutionProperties) = preSolution
		HideSolutionNode = FALSE
	EndGlobalSection
EndGlobal
